{
  "name": "freqtrade",
  "lockfileVersion": 2,
  "requires": true,
  "packages": {
    "node_modules/@fortawesome/fontawesome-common-types": {
      "version": "6.5.1",
      "resolved": "https://pkgs.dev.azure.com/helsana/HELSANA.CH/_packaging/apim-tools/npm/registry/@fortawesome/fontawesome-common-types/-/fontawesome-common-types-6.5.1.tgz",
      "integrity": "sha1-/bHsSVK2ifX3qgv/5GGAuzVJADI=",
      "hasInstallScript": true,
      "license": "MIT",
      "engines": {
        "node": ">=6"
      }
    },
    "node_modules/@fortawesome/free-solid-svg-icons": {
      "version": "6.5.1",
      "resolved": "https://pkgs.dev.azure.com/helsana/HELSANA.CH/_packaging/apim-tools/npm/registry/@fortawesome/free-solid-svg-icons/-/free-solid-svg-icons-6.5.1.tgz",
      "integrity": "sha1-c3uNeH3r6ItACrdSj0e+MzAxJ0o=",
      "hasInstallScript": true,
      "license": "(CC-BY-4.0 AND MIT)",
      "dependencies": {
        "@fortawesome/fontawesome-common-types": "6.5.1"
      },
      "engines": {
        "node": ">=6"
      }
    }
  },
  "dependencies": {
    "@fortawesome/fontawesome-common-types": {
      "version": "6.5.1",
      "resolved": "https://pkgs.dev.azure.com/helsana/HELSANA.CH/_packaging/apim-tools/npm/registry/@fortawesome/fontawesome-common-types/-/fontawesome-common-types-6.5.1.tgz",
      "integrity": "sha1-/bHsSVK2ifX3qgv/5GGAuzVJADI="
    },
    "@fortawesome/free-solid-svg-icons": {
      "version": "https://pkgs.dev.azure.com/helsana/HELSANA.CH/_packaging/apim-tools/npm/registry/@fortawesome/free-solid-svg-icons/-/free-solid-svg-icons-6.5.1.tgz",
      "integrity": "sha1-c3uNeH3r6ItACrdSj0e+MzAxJ0o=",
      "requires": {
        "@fortawesome/fontawesome-common-types": "6.5.1"
      }
    }
  }
}
